
Microsoft Visual Studio Solution File, Format Version 12.00
# Visual Studio 15
VisualStudioVersion = 15.0.27703.2000
MinimumVisualStudioVersion = 10.0.40219.1
Project("{FAE04EC0-301F-11D3-BF4B-00C04F79EFBC}") = "Test_CopyFile", "Test_CopyFile\Test_CopyFile.csproj", "{8663F63E-8D15-4C8D-BB3A-5187FC833070}"
EndProject
Global
	GlobalSection(SolutionConfigurationPlatforms) = preSolution
		Debug|Any CPU = Debug|Any CPU
		Release|Any CPU = Release|Any CPU
	EndGlobalSection
	GlobalSection(ProjectConfigurationPlatforms) = postSolution
		{8663F63E-8D15-4C8D-BB3A-5187FC833070}.Debug|Any CPU.ActiveCfg = Debug|Any CPU
		{8663F63E-8D15-4C8D-BB3A-5187FC833070}.Debug|Any CPU.Build.0 = Debug|Any CPU
		{8663F63E-8D15-4C8D-BB3A-5187FC833070}.Release|Any CPU.ActiveCfg = Release|Any CPU
		{8663F63E-8D15-4C8D-BB3A-5187FC833070}.Release|Any CPU.Build.0 = Release|Any CPU
	EndGlobalSection
	GlobalSection(SolutionProperties) = preSolution
		HideSolutionNode = FALSE
	EndGlobalSection
	GlobalSection(ExtensibilityGlobals) = postSolution
		SolutionGuid = {F4401C2D-A31D-4E39-BCC0-24E2745175BC}
	EndGlobalSection
EndGlobal
